
Microsoft Visual Studio Solution File, Format Version 12.00
# Visual Studio 15
VisualStudioVersion = 15.0.28307.438
MinimumVisualStudioVersion = 10.0.40219.1
Project("{FAE04EC0-301F-11D3-BF4B-00C04F79EFBC}") = "Banco", "Banco\Banco.csproj", "{7D1FF5FA-0237-46AA-AC97-CDF075636900}"
EndProject
Global
	GlobalSection(SolutionConfigurationPlatforms) = preSolution
		Debug|Any CPU = Debug|Any CPU
		Release|Any CPU = Release|Any CPU
	EndGlobalSection
	GlobalSection(ProjectConfigurationPlatforms) = postSolution
		{7D1FF5FA-0237-46AA-AC97-CDF075636900}.Debug|Any CPU.ActiveCfg = Debug|Any CPU
		{7D1FF5FA-0237-46AA-AC97-CDF075636900}.Debug|Any CPU.Build.0 = Debug|Any CPU
		{7D1FF5FA-0237-46AA-AC97-CDF075636900}.Release|Any CPU.ActiveCfg = Release|Any CPU
		{7D1FF5FA-0237-46AA-AC97-CDF075636900}.Release|Any CPU.Build.0 = Release|Any CPU
	EndGlobalSection
	GlobalSection(SolutionProperties) = preSolution
		HideSolutionNode = FALSE
	EndGlobalSection
	GlobalSection(ExtensibilityGlobals) = postSolution
		SolutionGuid = {C9361C48-285C-4D64-B42B-64CE8B2ECF0C}
	EndGlobalSection
EndGlobal
